
Microsoft Visual Studio Solution File, Format Version 12.00
# Visual Studio 15
VisualStudioVersion = 15.0.28307.271
MinimumVisualStudioVersion = 10.0.40219.1
Project("{FAE04EC0-301F-11D3-BF4B-00C04F79EFBC}") = "desafio-mutiplicador", "desafio-mutiplicador\desafio-mutiplicador.csproj", "{BB9E64A8-7BD4-466E-8A0B-F5B6C1ABECC1}"
EndProject
Global
	GlobalSection(SolutionConfigurationPlatforms) = preSolution
		Debug|Any CPU = Debug|Any CPU
		Release|Any CPU = Release|Any CPU
	EndGlobalSection
	GlobalSection(ProjectConfigurationPlatforms) = postSolution
		{BB9E64A8-7BD4-466E-8A0B-F5B6C1ABECC1}.Debug|Any CPU.ActiveCfg = Debug|Any CPU
		{BB9E64A8-7BD4-466E-8A0B-F5B6C1ABECC1}.Debug|Any CPU.Build.0 = Debug|Any CPU
		{BB9E64A8-7BD4-466E-8A0B-F5B6C1ABECC1}.Release|Any CPU.ActiveCfg = Release|Any CPU
		{BB9E64A8-7BD4-466E-8A0B-F5B6C1ABECC1}.Release|Any CPU.Build.0 = Release|Any CPU
	EndGlobalSection
	GlobalSection(SolutionProperties) = preSolution
		HideSolutionNode = FALSE
	EndGlobalSection
	GlobalSection(ExtensibilityGlobals) = postSolution
		SolutionGuid = {B1AC6ED2-5BA4-4609-9C21-32EAC413E4E4}
	EndGlobalSection
EndGlobal
